
Microsoft Visual Studio Solution File, Format Version 12.00
# Visual Studio Version 17
VisualStudioVersion = 17.6.33815.320
MinimumVisualStudioVersion = 10.0.40219.1
Project("{FAE04EC0-301F-11D3-BF4B-00C04F79EFBC}") = "ScoreUpdate", "ScoreUpdate\ScoreUpdate.csproj", "{9DDA63F6-7504-48C7-85A8-59D8B59C9450}"
EndProject
Global
	GlobalSection(SolutionConfigurationPlatforms) = preSolution
		Debug|Any CPU = Debug|Any CPU
		Release|Any CPU = Release|Any CPU
	EndGlobalSection
	GlobalSection(ProjectConfigurationPlatforms) = postSolution
		{9DDA63F6-7504-48C7-85A8-59D8B59C9450}.Debug|Any CPU.ActiveCfg = Debug|Any CPU
		{9DDA63F6-7504-48C7-85A8-59D8B59C9450}.Debug|Any CPU.Build.0 = Debug|Any CPU
		{9DDA63F6-7504-48C7-85A8-59D8B59C9450}.Release|Any CPU.ActiveCfg = Release|Any CPU
		{9DDA63F6-7504-48C7-85A8-59D8B59C9450}.Release|Any CPU.Build.0 = Release|Any CPU
	EndGlobalSection
	GlobalSection(SolutionProperties) = preSolution
		HideSolutionNode = FALSE
	EndGlobalSection
	GlobalSection(ExtensibilityGlobals) = postSolution
		SolutionGuid = {DD38F643-5A81-4CC3-A098-895D1A44A51D}
	EndGlobalSection
EndGlobal
