
Microsoft Visual Studio Solution File, Format Version 12.00
# Visual Studio Version 17
VisualStudioVersion = 17.6.33815.320
MinimumVisualStudioVersion = 10.0.40219.1
Project("{FAE04EC0-301F-11D3-BF4B-00C04F79EFBC}") = "NewCricketHost", "NewCricketHost\NewCricketHost.csproj", "{4753B747-1970-44E1-A08B-39164BAFA35E}"
EndProject
Global
	GlobalSection(SolutionConfigurationPlatforms) = preSolution
		Debug|Any CPU = Debug|Any CPU
		Release|Any CPU = Release|Any CPU
	EndGlobalSection
	GlobalSection(ProjectConfigurationPlatforms) = postSolution
		{4753B747-1970-44E1-A08B-39164BAFA35E}.Debug|Any CPU.ActiveCfg = Debug|Any CPU
		{4753B747-1970-44E1-A08B-39164BAFA35E}.Debug|Any CPU.Build.0 = Debug|Any CPU
		{4753B747-1970-44E1-A08B-39164BAFA35E}.Release|Any CPU.ActiveCfg = Release|Any CPU
		{4753B747-1970-44E1-A08B-39164BAFA35E}.Release|Any CPU.Build.0 = Release|Any CPU
	EndGlobalSection
	GlobalSection(SolutionProperties) = preSolution
		HideSolutionNode = FALSE
	EndGlobalSection
	GlobalSection(ExtensibilityGlobals) = postSolution
		SolutionGuid = {D3E84866-76E0-4BE2-BA58-CCD3989009B0}
	EndGlobalSection
EndGlobal
